
Microsoft Visual Studio Solution File, Format Version 12.00
# Visual Studio 2012
Project("{FAE04EC0-301F-11D3-BF4B-00C04F79EFBC}") = "OrderInformationTransferManager", "OrderInformationTransferManager\OrderInformationTransferManager.csproj", "{14B88A5C-331F-43A5-95C8-AF143DB28BC8}"
EndProject
Global
	GlobalSection(SolutionConfigurationPlatforms) = preSolution
		Debug|Any CPU = Debug|Any CPU
		Release|Any CPU = Release|Any CPU
	EndGlobalSection
	GlobalSection(ProjectConfigurationPlatforms) = postSolution
		{14B88A5C-331F-43A5-95C8-AF143DB28BC8}.Debug|Any CPU.ActiveCfg = Debug|Any CPU
		{14B88A5C-331F-43A5-95C8-AF143DB28BC8}.Debug|Any CPU.Build.0 = Debug|Any CPU
		{14B88A5C-331F-43A5-95C8-AF143DB28BC8}.Release|Any CPU.ActiveCfg = Release|Any CPU
		{14B88A5C-331F-43A5-95C8-AF143DB28BC8}.Release|Any CPU.Build.0 = Release|Any CPU
	EndGlobalSection
	GlobalSection(SolutionProperties) = preSolution
		HideSolutionNode = FALSE
	EndGlobalSection
EndGlobal
